// !$*UTF8*$!
{
	archiveVersion = 1;
	classes = {
	};
	objectVersion = 46;
	objects = {

/* Begin PBXBuildFile section */
		B9B39C0C1E0286F7002580F1 /* AppDelegate.swift in Sources */ = {isa = PBXBuildFile; fileRef = B9B39C0B1E0286F7002580F1 /* AppDelegate.swift */; };
		B9B39C0E1E0286F7002580F1 /* ViewController.swift in Sources */ = {isa = PBXBuildFile; fileRef = B9B39C0D1E0286F7002580F1 /* ViewController.swift */; };
		B9B39C111E0286F7002580F1 /* Main.storyboard in Resources */ = {isa = PBXBuildFile; fileRef = B9B39C0F1E0286F7002580F1 /* Main.storyboard */; };
		B9B39C131E0286F7002580F1 /* Assets.xcassets in Resources */ = {isa = PBXBuildFile; fileRef = B9B39C121E0286F7002580F1 /* Assets.xcassets */; };
		B9B39C161E0286F7002580F1 /* LaunchScreen.storyboard in Resources */ = {isa = PBXBuildFile; fileRef = B9B39C141E0286F7002580F1 /* LaunchScreen.storyboard */; };
		B9B39C211E0286F7002580F1 /* LyndaListTests.swift in Sources */ = {isa = PBXBuildFile; fileRef = B9B39C201E0286F7002580F1 /* LyndaListTests.swift */; };
		B9B39C2C1E0286F7002580F1 /* LyndaListUITests.swift in Sources */ = {isa = PBXBuildFile; fileRef = B9B39C2B1E0286F7002580F1 /* LyndaListUITests.swift */; };
/* End PBXBuildFile section */

/* Begin PBXContainerItemProxy section */
		B9B39C1D1E0286F7002580F1 /* PBXContainerItemProxy */ = {
			isa = PBXContainerItemProxy;
			containerPortal = B9B39C001E0286F7002580F1 /* Project object */;
			proxyType = 1;
			remoteGlobalIDString = B9B39C071E0286F7002580F1;
			remoteInfo = LyndaList;
		};
		B9B39C281E0286F7002580F1 /* PBXContainerItemProxy */ = {
			isa = PBXContainerItemProxy;
			containerPortal = B9B39C001E0286F7002580F1 /* Project object */;
			proxyType = 1;
			remoteGlobalIDString = B9B39C071E0286F7002580F1;
			remoteInfo = LyndaList;
		};
/* End PBXContainerItemProxy section */

/* Begin PBXFileReference section */
		B9B39C081E0286F7002580F1 /* LyndaList.app */ = {isa = PBXFileReference; explicitFileType = wrapper.application; includeInIndex = 0; path = LyndaList.app; sourceTree = BUILT_PRODUCTS_DIR; };
		B9B39C0B1E0286F7002580F1 /* AppDelegate.swift */ = {isa = PBXFileReference; lastKnownFileType = sourcecode.swift; path = AppDelegate.swift; sourceTree = "<group>"; };
		B9B39C0D1E0286F7002580F1 /* ViewController.swift */ = {isa = PBXFileReference; lastKnownFileType = sourcecode.swift; path = ViewController.swift; sourceTree = "<group>"; };
		B9B39C101E0286F7002580F1 /* Base */ = {isa = PBXFileReference; lastKnownFileType = file.storyboard; name = Base; path = Base.lproj/Main.storyboard; sourceTree = "<group>"; };
		B9B39C121E0286F7002580F1 /* Assets.xcassets */ = {isa = PBXFileReference; lastKnownFileType = folder.assetcatalog; path = Assets.xcassets; sourceTree = "<group>"; };
		B9B39C151E0286F7002580F1 /* Base */ = {isa = PBXFileReference; lastKnownFileType = file.storyboard; name = Base; path = Base.lproj/LaunchScreen.storyboard; sourceTree = "<group>"; };
		B9B39C171E0286F7002580F1 /* Info.plist */ = {isa = PBXFileReference; lastKnownFileType = text.plist.xml; path = Info.plist; sourceTree = "<group>"; };
		B9B39C1C1E0286F7002580F1 /* LyndaListTests.xctest */ = {isa = PBXFileReference; explicitFileType = wrapper.cfbundle; includeInIndex = 0; path = LyndaListTests.xctest; sourceTree = BUILT_PRODUCTS_DIR; };
		B9B39C201E0286F7002580F1 /* LyndaListTests.swift */ = {isa = PBXFileReference; lastKnownFileType = sourcecode.swift; path = LyndaListTests.swift; sourceTree = "<group>"; };
		B9B39C221E0286F7002580F1 /* Info.plist */ = {isa = PBXFileReference; lastKnownFileType = text.plist.xml; path = Info.plist; sourceTree = "<group>"; };
		B9B39C271E0286F7002580F1 /* LyndaListUITests.xctest */ = {isa = PBXFileReference; explicitFileType = wrapper.cfbundle; includeInIndex = 0; path = LyndaListUITests.xctest; sourceTree = BUILT_PRODUCTS_DIR; };
		B9B39C2B1E0286F7002580F1 /* LyndaListUITests.swift */ = {isa = PBXFileReference; lastKnownFileType = sourcecode.swift; path = LyndaListUITests.swift; sourceTree = "<group>"; };
		B9B39C2D1E0286F7002580F1 /* Info.plist */ = {isa = PBXFileReference; lastKnownFileType = text.plist.xml; path = Info.plist; sourceTree = "<group>"; };
/* End PBXFileReference section */

/* Begin PBXFrameworksBuildPhase section */
		B9B39C051E0286F7002580F1 /* Frameworks */ = {
			isa = PBXFrameworksBuildPhase;
			buildActionMask = 2147483647;
			files = (
			);
			runOnlyForDeploymentPostprocessing = 0;
		};
		B9B39C191E0286F7002580F1 /* Frameworks */ = {
			isa = PBXFrameworksBuildPhase;
			buildActionMask = 2147483647;
			files = (
			);
			runOnlyForDeploymentPostprocessing = 0;
		};
		B9B39C241E0286F7002580F1 /* Frameworks */ = {
			isa = PBXFrameworksBuildPhase;
			buildActionMask = 2147483647;
			files = (
			);
			runOnlyForDeploymentPostprocessing = 0;
		};
/* End PBXFrameworksBuildPhase section */

/* Begin PBXGroup section */
		B9B39BFF1E0286F7002580F1 = {
			isa = PBXGroup;
			children = (
				B9B39C0A1E0286F7002580F1 /* LyndaList */,
				B9B39C1F1E0286F7002580F1 /* LyndaListTests */,
				B9B39C2A1E0286F7002580F1 /* LyndaListUITests */,
				B9B39C091E0286F7002580F1 /* Products */,
			);
			sourceTree = "<group>";
		};
		B9B39C091E0286F7002580F1 /* Products */ = {
			isa = PBXGroup;
			children = (
				B9B39C081E0286F7002580F1 /* LyndaList.app */,
				B9B39C1C1E0286F7002580F1 /* LyndaListTests.xctest */,
				B9B39C271E0286F7002580F1 /* LyndaListUITests.xctest */,
			);
			name = Products;
			sourceTree = "<group>";
		};
		B9B39C0A1E0286F7002580F1 /* LyndaList */ = {
			isa = PBXGroup;
			children = (
				B9B39C0B1E0286F7002580F1 /* AppDelegate.swift */,
				B9B39C0D1E0286F7002580F1 /* ViewController.swift */,
				B9B39C0F1E0286F7002580F1 /* Main.storyboard */,
				B9B39C121E0286F7002580F1 /* Assets.xcassets */,
				B9B39C141E0286F7002580F1 /* LaunchScreen.storyboard */,
				B9B39C171E0286F7002580F1 /* Info.plist */,
			);
			path = LyndaList;
			sourceTree = "<group>";
		};
		B9B39C1F1E0286F7002580F1 /* LyndaListTests */ = {
			isa = PBXGroup;
			children = (
				B9B39C201E0286F7002580F1 /* LyndaListTests.swift */,
				B9B39C221E0286F7002580F1 /* Info.plist */,
			);
			path = LyndaListTests;
			sourceTree = "<group>";
		};
		B9B39C2A1E0286F7002580F1 /* LyndaListUITests */ = {
			isa = PBXGroup;
			children = (
				B9B39C2B1E0286F7002580F1 /* LyndaListUITests.swift */,
				B9B39C2D1E0286F7002580F1 /* Info.plist */,
			);
			path = LyndaListUITests;
			sourceTree = "<group>";
		};
/* End PBXGroup section */

/* Begin PBXNativeTarget section */
		B9B39C071E0286F7002580F1 /* LyndaList */ = {
			isa = PBXNativeTarget;
			buildConfigurationList = B9B39C301E0286F7002580F1 /* Build configuration list for PBXNativeTarget "LyndaList" */;
			buildPhases = (
				B9B39C041E0286F7002580F1 /* Sources */,
				B9B39C051E0286F7002580F1 /* Frameworks */,
				B9B39C061E0286F7002580F1 /* Resources */,
			);
			buildRules = (
			);
			dependencies = (
			);
			name = LyndaList;
			productName = LyndaList;
			productReference = B9B39C081E0286F7002580F1 /* LyndaList.app */;
			productType = "com.apple.product-type.application";
		};
		B9B39C1B1E0286F7002580F1 /* LyndaListTests */ = {
			isa = PBXNativeTarget;
			buildConfigurationList = B9B39C331E0286F7002580F1 /* Build configuration list for PBXNativeTarget "LyndaListTests" */;
			buildPhases = (
				B9B39C181E0286F7002580F1 /* Sources */,
				B9B39C191E0286F7002580F1 /* Frameworks */,
				B9B39C1A1E0286F7002580F1 /* Resources */,
			);
			buildRules = (
			);
			dependencies = (
				B9B39C1E1E0286F7002580F1 /* PBXTargetDependency */,
			);
			name = LyndaListTests;
			productName = LyndaListTests;
			productReference = B9B39C1C1E0286F7002580F1 /* LyndaListTests.xctest */;
			productType = "com.apple.product-type.bundle.unit-test";
		};
		B9B39C261E0286F7002580F1 /* LyndaListUITests */ = {
			isa = PBXNativeTarget;
			buildConfigurationList = B9B39C361E0286F7002580F1 /* Build configuration list for PBXNativeTarget "LyndaListUITests" */;
			buildPhases = (
				B9B39C231E0286F7002580F1 /* Sources */,
				B9B39C241E0286F7002580F1 /* Frameworks */,
				B9B39C251E0286F7002580F1 /* Resources */,
			);
			buildRules = (
			);
			dependencies = (
				B9B39C291E0286F7002580F1 /* PBXTargetDependency */,
			);
			name = LyndaListUITests;
			productName = LyndaListUITests;
			productReference = B9B39C271E0286F7002580F1 /* LyndaListUITests.xctest */;
			productType = "com.apple.product-type.bundle.ui-testing";
		};
/* End PBXNativeTarget section */

/* Begin PBXProject section */
		B9B39C001E0286F7002580F1 /* Project object */ = {
			isa = PBXProject;
			attributes = {
				LastSwiftUpdateCheck = 0810;
				LastUpgradeCheck = 0810;
				ORGANIZATIONNAME = "Ai-Lyn Tang";
				TargetAttributes = {
					B9B39C071E0286F7002580F1 = {
						CreatedOnToolsVersion = 8.1;
						ProvisioningStyle = Automatic;
					};
					B9B39C1B1E0286F7002580F1 = {
						CreatedOnToolsVersion = 8.1;
						ProvisioningStyle = Automatic;
						TestTargetID = B9B39C071E0286F7002580F1;
					};
					B9B39C261E0286F7002580F1 = {
						CreatedOnToolsVersion = 8.1;
						ProvisioningStyle = Automatic;
						TestTargetID = B9B39C071E0286F7002580F1;
					};
				};
			};
			buildConfigurationList = B9B39C031E0286F7002580F1 /* Build configuration list for PBXProject "LyndaList" */;
			compatibilityVersion = "Xcode 3.2";
			developmentRegion = English;
			hasScannedForEncodings = 0;
			knownRegions = (
				en,
				Base,
			);
			mainGroup = B9B39BFF1E0286F7002580F1;
			productRefGroup = B9B39C091E0286F7002580F1 /* Products */;
			projectDirPath = "";
			projectRoot = "";
			targets = (
				B9B39C071E0286F7002580F1 /* LyndaList */,
				B9B39C1B1E0286F7002580F1 /* LyndaListTests */,
				B9B39C261E0286F7002580F1 /* LyndaListUITests */,
			);
		};
/* End PBXProject section */

/* Begin PBXResourcesBuildPhase section */
		B9B39C061E0286F7002580F1 /* Resources */ = {
			isa = PBXResourcesBuildPhase;
			buildActionMask = 2147483647;
			files = (
				B9B39C161E0286F7002580F1 /* LaunchScreen.storyboard in Resources */,
				B9B39C131E0286F7002580F1 /* Assets.xcassets in Resources */,
				B9B39C111E0286F7002580F1 /* Main.storyboard in Resources */,
			);
			runOnlyForDeploymentPostprocessing = 0;
		};
		B9B39C1A1E0286F7002580F1 /* Resources */ = {
			isa = PBXResourcesBuildPhase;
			buildActionMask = 2147483647;
			files = (
			);
			runOnlyForDeploymentPostprocessing = 0;
		};
		B9B39C251E0286F7002580F1 /* Resources */ = {
			isa = PBXResourcesBuildPhase;
			buildActionMask = 2147483647;
			files = (
			);
			runOnlyForDeploymentPostprocessing = 0;
		};
/* End PBXResourcesBuildPhase section */

/* Begin PBXSourcesBuildPhase section */
		B9B39C041E0286F7002580F1 /* Sources */ = {
			isa = PBXSourcesBuildPhase;
			buildActionMask = 2147483647;
			files = (
				B9B39C0E1E0286F7002580F1 /* ViewController.swift in Sources */,
				B9B39C0C1E0286F7002580F1 /* AppDelegate.swift in Sources */,
			);
			runOnlyForDeploymentPostprocessing = 0;
		};
		B9B39C181E0286F7002580F1 /* Sources */ = {
			isa = PBXSourcesBuildPhase;
			buildActionMask = 2147483647;
			files = (
				B9B39C211E0286F7002580F1 /* LyndaListTests.swift in Sources */,
			);
			runOnlyForDeploymentPostprocessing = 0;
		};
		B9B39C231E0286F7002580F1 /* Sources */ = {
			isa = PBXSourcesBuildPhase;
			buildActionMask = 2147483647;
			files = (
				B9B39C2C1E0286F7002580F1 /* LyndaListUITests.swift in Sources */,
			);
			runOnlyForDeploymentPostprocessing = 0;
		};
/* End PBXSourcesBuildPhase section */

/* Begin PBXTargetDependency section */
		B9B39C1E1E0286F7002580F1 /* PBXTargetDependency */ = {
			isa = PBXTargetDependency;
			target = B9B39C071E0286F7002580F1 /* LyndaList */;
			targetProxy = B9B39C1D1E0286F7002580F1 /* PBXContainerItemProxy */;
		};
		B9B39C291E0286F7002580F1 /* PBXTargetDependency */ = {
			isa = PBXTargetDependency;
			target = B9B39C071E0286F7002580F1 /* LyndaList */;
			targetProxy = B9B39C281E0286F7002580F1 /* PBXContainerItemProxy */;
		};
/* End PBXTargetDependency section */

/* Begin PBXVariantGroup section */
		B9B39C0F1E0286F7002580F1 /* Main.storyboard */ = {
			isa = PBXVariantGroup;
			children = (
				B9B39C101E0286F7002580F1 /* Base */,
			);
			name = Main.storyboard;
			sourceTree = "<group>";
		};
		B9B39C141E0286F7002580F1 /* LaunchScreen.storyboard */ = {
			isa = PBXVariantGroup;
			children = (
				B9B39C151E0286F7002580F1 /* Base */,
			);
			name = LaunchScreen.storyboard;
			sourceTree = "<group>";
		};
/* End PBXVariantGroup section */

/* Begin XCBuildConfiguration section */
		B9B39C2E1E0286F7002580F1 /* Debug */ = {
			isa = XCBuildConfiguration;
			buildSettings = {
				ALWAYS_SEARCH_USER_PATHS = NO;
				CLANG_ANALYZER_NONNULL = YES;
				CLANG_CXX_LANGUAGE_STANDARD = "gnu++0x";
				CLANG_CXX_LIBRARY = "libc++";
				CLANG_ENABLE_MODULES = YES;
				CLANG_ENABLE_OBJC_ARC = YES;
				CLANG_WARN_BOOL_CONVERSION = YES;
				CLANG_WARN_CONSTANT_CONVERSION = YES;
				CLANG_WARN_DIRECT_OBJC_ISA_USAGE = YES_ERROR;
				CLANG_WARN_DOCUMENTATION_COMMENTS = YES;
				CLANG_WARN_EMPTY_BODY = YES;
				CLANG_WARN_ENUM_CONVERSION = YES;
				CLANG_WARN_INFINITE_RECURSION = YES;
				CLANG_WARN_INT_CONVERSION = YES;
				CLANG_WARN_OBJC_ROOT_CLASS = YES_ERROR;
				CLANG_WARN_SUSPICIOUS_MOVES = YES;
				CLANG_WARN_UNREACHABLE_CODE = YES;
				CLANG_WARN__DUPLICATE_METHOD_MATCH = YES;
				"CODE_SIGN_IDENTITY[sdk=iphoneos*]" = "iPhone Developer";
				COPY_PHASE_STRIP = NO;
				DEBUG_INFORMATION_FORMAT = dwarf;
				ENABLE_STRICT_OBJC_MSGSEND = YES;
				ENABLE_TESTABILITY = YES;
				GCC_C_LANGUAGE_STANDARD = gnu99;
				GCC_DYNAMIC_NO_PIC = NO;
				GCC_NO_COMMON_BLOCKS = YES;
				GCC_OPTIMIZATION_LEVEL = 0;
				GCC_PREPROCESSOR_DEFINITIONS = (
					"DEBUG=1",
					"$(inherited)",
				);
				GCC_WARN_64_TO_32_BIT_CONVERSION = YES;
				GCC_WARN_ABOUT_RETURN_TYPE = YES_ERROR;
				GCC_WARN_UNDECLARED_SELECTOR = YES;
				GCC_WARN_UNINITIALIZED_AUTOS = YES_AGGRESSIVE;
				GCC_WARN_UNUSED_FUNCTION = YES;
				GCC_WARN_UNUSED_VARIABLE = YES;
				IPHONEOS_DEPLOYMENT_TARGET = 10.1;
				MTL_ENABLE_DEBUG_INFO = YES;
				ONLY_ACTIVE_ARCH = YES;
				SDKROOT = iphoneos;
				SWIFT_ACTIVE_COMPILATION_CONDITIONS = DEBUG;
				SWIFT_OPTIMIZATION_LEVEL = "-Onone";
			};
			name = Debug;
		};
		B9B39C2F1E0286F7002580F1 /* Release */ = {
			isa = XCBuildConfiguration;
			buildSettings = {
				ALWAYS_SEARCH_USER_PATHS = NO;
				CLANG_ANALYZER_NONNULL = YES;
				CLANG_CXX_LANGUAGE_STANDARD = "gnu++0x";
				CLANG_CXX_LIBRARY = "libc++";
				CLANG_ENABLE_MODULES = YES;
				CLANG_ENABLE_OBJC_ARC = YES;
				CLANG_WARN_BOOL_CONVERSION = YES;
				CLANG_WARN_CONSTANT_CONVERSION = YES;
				CLANG_WARN_DIRECT_OBJC_ISA_USAGE = YES_ERROR;
				CLANG_WARN_DOCUMENTATION_COMMENTS = YES;
				CLANG_WARN_EMPTY_BODY = YES;
				CLANG_WARN_ENUM_CONVERSION = YES;
				CLANG_WARN_INFINITE_RECURSION = YES;
				CLANG_WARN_INT_CONVERSION = YES;
				CLANG_WARN_OBJC_ROOT_CLASS = YES_ERROR;
				CLANG_WARN_SUSPICIOUS_MOVES = YES;
				CLANG_WARN_UNREACHABLE_CODE = YES;
				CLANG_WARN__DUPLICATE_METHOD_MATCH = YES;
				"CODE_SIGN_IDENTITY[sdk=iphoneos*]" = "iPhone Developer";
				COPY_PHASE_STRIP = NO;
				DEBUG_INFORMATION_FORMAT = "dwarf-with-dsym";
				ENABLE_NS_ASSERTIONS = NO;
				ENABLE_STRICT_OBJC_MSGSEND = YES;
				GCC_C_LANGUAGE_STANDARD = gnu99;
				GCC_NO_COMMON_BLOCKS = YES;
				GCC_WARN_64_TO_32_BIT_CONVERSION = YES;
				GCC_WARN_ABOUT_RETURN_TYPE = YES_ERROR;
				GCC_WARN_UNDECLARED_SELECTOR = YES;
				GCC_WARN_UNINITIALIZED_AUTOS = YES_AGGRESSIVE;
				GCC_WARN_UNUSED_FUNCTION = YES;
				GCC_WARN_UNUSED_VARIABLE = YES;
				IPHONEOS_DEPLOYMENT_TARGET = 10.1;
				MTL_ENABLE_DEBUG_INFO = NO;
				SDKROOT = iphoneos;
				SWIFT_OPTIMIZATION_LEVEL = "-Owholemodule";
				VALIDATE_PRODUCT = YES;
			};
			name = Release;
		};
		B9B39C311E0286F7002580F1 /* Debug */ = {
			isa = XCBuildConfiguration;
			buildSettings = {
				ASSETCATALOG_COMPILER_APPICON_NAME = AppIcon;
				INFOPLIST_FILE = LyndaList/Info.plist;
				LD_RUNPATH_SEARCH_PATHS = "$(inherited) @executable_path/Frameworks";
				PRODUCT_BUNDLE_IDENTIFIER = com.billionlyn.LyndaList;
				PRODUCT_NAME = "$(TARGET_NAME)";
				SWIFT_VERSION = 3.0;
			};
			name = Debug;
		};
		B9B39C321E0286F7002580F1 /* Release */ = {
			isa = XCBuildConfiguration;
			buildSettings = {
				ASSETCATALOG_COMPILER_APPICON_NAME = AppIcon;
				INFOPLIST_FILE = LyndaList/Info.plist;
				LD_RUNPATH_SEARCH_PATHS = "$(inherited) @executable_path/Frameworks";
				PRODUCT_BUNDLE_IDENTIFIER = com.billionlyn.LyndaList;
				PRODUCT_NAME = "$(TARGET_NAME)";
				SWIFT_VERSION = 3.0;
			};
			name = Release;
		};
		B9B39C341E0286F7002580F1 /* Debug */ = {
			isa = XCBuildConfiguration;
			buildSettings = {
				ALWAYS_EMBED_SWIFT_STANDARD_LIBRARIES = YES;
				BUNDLE_LOADER = "$(TEST_HOST)";
				INFOPLIST_FILE = LyndaListTests/Info.plist;
				LD_RUNPATH_SEARCH_PATHS = "$(inherited) @executable_path/Frameworks @loader_path/Frameworks";
				PRODUCT_BUNDLE_IDENTIFIER = com.billionlyn.LyndaListTests;
				PRODUCT_NAME = "$(TARGET_NAME)";
				SWIFT_VERSION = 3.0;
				TEST_HOST = "$(BUILT_PRODUCTS_DIR)/LyndaList.app/LyndaList";
			};
			name = Debug;
		};
		B9B39C351E0286F7002580F1 /* Release */ = {
			isa = XCBuildConfiguration;
			buildSettings = {
				ALWAYS_EMBED_SWIFT_STANDARD_LIBRARIES = YES;
				BUNDLE_LOADER = "$(TEST_HOST)";
				INFOPLIST_FILE = LyndaListTests/Info.plist;
				LD_RUNPATH_SEARCH_PATHS = "$(inherited) @executable_path/Frameworks @loader_path/Frameworks";
				PRODUCT_BUNDLE_IDENTIFIER = com.billionlyn.LyndaListTests;
				PRODUCT_NAME = "$(TARGET_NAME)";
				SWIFT_VERSION = 3.0;
				TEST_HOST = "$(BUILT_PRODUCTS_DIR)/LyndaList.app/LyndaList";
			};
			name = Release;
		};
		B9B39C371E0286F7002580F1 /* Debug */ = {
			isa = XCBuildConfiguration;
			buildSettings = {
				ALWAYS_EMBED_SWIFT_STANDARD_LIBRARIES = YES;
				INFOPLIST_FILE = LyndaListUITests/Info.plist;
				LD_RUNPATH_SEARCH_PATHS = "$(inherited) @executable_path/Frameworks @loader_path/Frameworks";
				PRODUCT_BUNDLE_IDENTIFIER = com.billionlyn.LyndaListUITests;
				PRODUCT_NAME = "$(TARGET_NAME)";
				SWIFT_VERSION = 3.0;
				TEST_TARGET_NAME = LyndaList;
			};
			name = Debug;
		};
		B9B39C381E0286F7002580F1 /* Release */ = {
			isa = XCBuildConfiguration;
			buildSettings = {
				ALWAYS_EMBED_SWIFT_STANDARD_LIBRARIES = YES;
				INFOPLIST_FILE = LyndaListUITests/Info.plist;
				LD_RUNPATH_SEARCH_PATHS = "$(inherited) @executable_path/Frameworks @loader_path/Frameworks";
				PRODUCT_BUNDLE_IDENTIFIER = com.billionlyn.LyndaListUITests;
				PRODUCT_NAME = "$(TARGET_NAME)";
				SWIFT_VERSION = 3.0;
				TEST_TARGET_NAME = LyndaList;
			};
			name = Release;
		};
/* End XCBuildConfiguration section */

/* Begin XCConfigurationList section */
		B9B39C031E0286F7002580F1 /* Build configuration list for PBXProject "LyndaList" */ = {
			isa = XCConfigurationList;
			buildConfigurations = (
				B9B39C2E1E0286F7002580F1 /* Debug */,
				B9B39C2F1E0286F7002580F1 /* Release */,
			);
			defaultConfigurationIsVisible = 0;
			defaultConfigurationName = Release;
		};
		B9B39C301E0286F7002580F1 /* Build configuration list for PBXNativeTarget "LyndaList" */ = {
			isa = XCConfigurationList;
			buildConfigurations = (
				B9B39C311E0286F7002580F1 /* Debug */,
				B9B39C321E0286F7002580F1 /* Release */,
			);
			defaultConfigurationIsVisible = 0;
		};
		B9B39C331E0286F7002580F1 /* Build configuration list for PBXNativeTarget "LyndaListTests" */ = {
			isa = XCConfigurationList;
			buildConfigurations = (
				B9B39C341E0286F7002580F1 /* Debug */,
				B9B39C351E0286F7002580F1 /* Release */,
			);
			defaultConfigurationIsVisible = 0;
		};
		B9B39C361E0286F7002580F1 /* Build configuration list for PBXNativeTarget "LyndaListUITests" */ = {
			isa = XCConfigurationList;
			buildConfigurations = (
				B9B39C371E0286F7002580F1 /* Debug */,
				B9B39C381E0286F7002580F1 /* Release */,
			);
			defaultConfigurationIsVisible = 0;
		};
/* End XCConfigurationList section */
	};
	rootObject = B9B39C001E0286F7002580F1 /* Project object */;
}
